
Microsoft Visual Studio Solution File, Format Version 12.00
# Visual Studio Version 17
VisualStudioVersion = 17.9.34728.123
MinimumVisualStudioVersion = 10.0.40219.1
Project("{FAE04EC0-301F-11D3-BF4B-00C04F79EFBC}") = "Lechon_POS", "Lechon_POS\Lechon_POS.csproj", "{0A9E2191-776D-4F0A-A251-B7AD07FF813E}"
EndProject
Global
	GlobalSection(SolutionConfigurationPlatforms) = preSolution
		Debug|Any CPU = Debug|Any CPU
		Release|Any CPU = Release|Any CPU
	EndGlobalSection
	GlobalSection(ProjectConfigurationPlatforms) = postSolution
		{0A9E2191-776D-4F0A-A251-B7AD07FF813E}.Debug|Any CPU.ActiveCfg = Debug|Any CPU
		{0A9E2191-776D-4F0A-A251-B7AD07FF813E}.Debug|Any CPU.Build.0 = Debug|Any CPU
		{0A9E2191-776D-4F0A-A251-B7AD07FF813E}.Release|Any CPU.ActiveCfg = Release|Any CPU
		{0A9E2191-776D-4F0A-A251-B7AD07FF813E}.Release|Any CPU.Build.0 = Release|Any CPU
	EndGlobalSection
	GlobalSection(SolutionProperties) = preSolution
		HideSolutionNode = FALSE
	EndGlobalSection
	GlobalSection(ExtensibilityGlobals) = postSolution
		SolutionGuid = {1D7C9B52-23E0-4876-8CF1-EBEF56D42453}
	EndGlobalSection
EndGlobal
